// !$*UTF8*$!
{
	archiveVersion = 1;
	classes = {
	};
	objectVersion = 56;
	objects = {

/* Begin PBXBuildFile section */
		4934D52A2A69F5D6005AE2D1 /* Coordinator.swift in Sources */ = {isa = PBXBuildFile; fileRef = 4934D5292A69F5D6005AE2D1 /* Coordinator.swift */; };
		4934D52D2A69F662005AE2D1 /* MainCoordinator.swift in Sources */ = {isa = PBXBuildFile; fileRef = 4934D52C2A69F662005AE2D1 /* MainCoordinator.swift */; };
		4934D52F2A69F7BF005AE2D1 /* TabbarItem.swift in Sources */ = {isa = PBXBuildFile; fileRef = 4934D52E2A69F7BF005AE2D1 /* TabbarItem.swift */; };
		4934D5322A6A0A7C005AE2D1 /* StockViewController.swift in Sources */ = {isa = PBXBuildFile; fileRef = 4934D5312A6A0A7C005AE2D1 /* StockViewController.swift */; };
		4934D5362A6A0E74005AE2D1 /* SnapKit in Frameworks */ = {isa = PBXBuildFile; productRef = 4934D5352A6A0E74005AE2D1 /* SnapKit */; };
		4934D5382A6A10EE005AE2D1 /* InformationCell.swift in Sources */ = {isa = PBXBuildFile; fileRef = 4934D5372A6A10EE005AE2D1 /* InformationCell.swift */; };
		4934D53A2A6A1286005AE2D1 /* InformationModel.swift in Sources */ = {isa = PBXBuildFile; fileRef = 4934D5392A6A1286005AE2D1 /* InformationModel.swift */; };
		4934D53D2A6A318F005AE2D1 /* StockDisplayCell.swift in Sources */ = {isa = PBXBuildFile; fileRef = 4934D53C2A6A318F005AE2D1 /* StockDisplayCell.swift */; };
		4934D5402A6A35C3005AE2D1 /* StockDisplayModel.swift in Sources */ = {isa = PBXBuildFile; fileRef = 4934D53F2A6A35C3005AE2D1 /* StockDisplayModel.swift */; };
		4934D5432A6A4017005AE2D1 /* LogoInfoCell.swift in Sources */ = {isa = PBXBuildFile; fileRef = 4934D5422A6A4017005AE2D1 /* LogoInfoCell.swift */; };
		494197E22A69F34800616200 /* AppDelegate.swift in Sources */ = {isa = PBXBuildFile; fileRef = 494197E12A69F34800616200 /* AppDelegate.swift */; };
		494197E42A69F34800616200 /* SceneDelegate.swift in Sources */ = {isa = PBXBuildFile; fileRef = 494197E32A69F34800616200 /* SceneDelegate.swift */; };
		494197EB2A69F34A00616200 /* Assets.xcassets in Resources */ = {isa = PBXBuildFile; fileRef = 494197EA2A69F34A00616200 /* Assets.xcassets */; };
		494197EE2A69F34A00616200 /* LaunchScreen.storyboard in Resources */ = {isa = PBXBuildFile; fileRef = 494197EC2A69F34A00616200 /* LaunchScreen.storyboard */; };
		494197F82A69F3D300616200 /* MainTabbarController.swift in Sources */ = {isa = PBXBuildFile; fileRef = 494197F72A69F3D300616200 /* MainTabbarController.swift */; };
/* End PBXBuildFile section */

/* Begin PBXFileReference section */
		4934D5292A69F5D6005AE2D1 /* Coordinator.swift */ = {isa = PBXFileReference; lastKnownFileType = sourcecode.swift; path = Coordinator.swift; sourceTree = "<group>"; };
		4934D52C2A69F662005AE2D1 /* MainCoordinator.swift */ = {isa = PBXFileReference; lastKnownFileType = sourcecode.swift; path = MainCoordinator.swift; sourceTree = "<group>"; };
		4934D52E2A69F7BF005AE2D1 /* TabbarItem.swift */ = {isa = PBXFileReference; lastKnownFileType = sourcecode.swift; path = TabbarItem.swift; sourceTree = "<group>"; };
		4934D5312A6A0A7C005AE2D1 /* StockViewController.swift */ = {isa = PBXFileReference; lastKnownFileType = sourcecode.swift; path = StockViewController.swift; sourceTree = "<group>"; };
		4934D5372A6A10EE005AE2D1 /* InformationCell.swift */ = {isa = PBXFileReference; lastKnownFileType = sourcecode.swift; path = InformationCell.swift; sourceTree = "<group>"; };
		4934D5392A6A1286005AE2D1 /* InformationModel.swift */ = {isa = PBXFileReference; lastKnownFileType = sourcecode.swift; path = InformationModel.swift; sourceTree = "<group>"; };
		4934D53C2A6A318F005AE2D1 /* StockDisplayCell.swift */ = {isa = PBXFileReference; lastKnownFileType = sourcecode.swift; path = StockDisplayCell.swift; sourceTree = "<group>"; };
		4934D53F2A6A35C3005AE2D1 /* StockDisplayModel.swift */ = {isa = PBXFileReference; lastKnownFileType = sourcecode.swift; path = StockDisplayModel.swift; sourceTree = "<group>"; };
		4934D5422A6A4017005AE2D1 /* LogoInfoCell.swift */ = {isa = PBXFileReference; lastKnownFileType = sourcecode.swift; path = LogoInfoCell.swift; sourceTree = "<group>"; };
		494197DE2A69F34800616200 /* CompositionalTradingApp.app */ = {isa = PBXFileReference; explicitFileType = wrapper.application; includeInIndex = 0; path = CompositionalTradingApp.app; sourceTree = BUILT_PRODUCTS_DIR; };
		494197E12A69F34800616200 /* AppDelegate.swift */ = {isa = PBXFileReference; lastKnownFileType = sourcecode.swift; path = AppDelegate.swift; sourceTree = "<group>"; };
		494197E32A69F34800616200 /* SceneDelegate.swift */ = {isa = PBXFileReference; lastKnownFileType = sourcecode.swift; path = SceneDelegate.swift; sourceTree = "<group>"; };
		494197EA2A69F34A00616200 /* Assets.xcassets */ = {isa = PBXFileReference; lastKnownFileType = folder.assetcatalog; path = Assets.xcassets; sourceTree = "<group>"; };
		494197ED2A69F34A00616200 /* Base */ = {isa = PBXFileReference; lastKnownFileType = file.storyboard; name = Base; path = Base.lproj/LaunchScreen.storyboard; sourceTree = "<group>"; };
		494197EF2A69F34A00616200 /* Info.plist */ = {isa = PBXFileReference; lastKnownFileType = text.plist.xml; path = Info.plist; sourceTree = "<group>"; };
		494197F72A69F3D300616200 /* MainTabbarController.swift */ = {isa = PBXFileReference; lastKnownFileType = sourcecode.swift; path = MainTabbarController.swift; sourceTree = "<group>"; };
/* End PBXFileReference section */

/* Begin PBXFrameworksBuildPhase section */
		494197DB2A69F34800616200 /* Frameworks */ = {
			isa = PBXFrameworksBuildPhase;
			buildActionMask = 2147483647;
			files = (
				4934D5362A6A0E74005AE2D1 /* SnapKit in Frameworks */,
			);
			runOnlyForDeploymentPostprocessing = 0;
		};
/* End PBXFrameworksBuildPhase section */

/* Begin PBXGroup section */
		4934D52B2A69F64E005AE2D1 /* Coordinator */ = {
			isa = PBXGroup;
			children = (
				4934D5292A69F5D6005AE2D1 /* Coordinator.swift */,
				4934D52C2A69F662005AE2D1 /* MainCoordinator.swift */,
			);
			path = Coordinator;
			sourceTree = "<group>";
		};
		4934D5302A6A0A48005AE2D1 /* Tabbar */ = {
			isa = PBXGroup;
			children = (
				494197F72A69F3D300616200 /* MainTabbarController.swift */,
				4934D52E2A69F7BF005AE2D1 /* TabbarItem.swift */,
			);
			path = Tabbar;
			sourceTree = "<group>";
		};
		4934D5332A6A0DDB005AE2D1 /* Stock */ = {
			isa = PBXGroup;
			children = (
				4934D5312A6A0A7C005AE2D1 /* StockViewController.swift */,
				4934D53B2A6A317B005AE2D1 /* Info */,
				4934D53E2A6A3193005AE2D1 /* StockDisplay */,
			);
			path = Stock;
			sourceTree = "<group>";
		};
		4934D53B2A6A317B005AE2D1 /* Info */ = {
			isa = PBXGroup;
			children = (
				4934D5372A6A10EE005AE2D1 /* InformationCell.swift */,
			);
			path = Info;
			sourceTree = "<group>";
		};
		4934D53E2A6A3193005AE2D1 /* StockDisplay */ = {
			isa = PBXGroup;
			children = (
				4934D53C2A6A318F005AE2D1 /* StockDisplayCell.swift */,
				4934D5422A6A4017005AE2D1 /* LogoInfoCell.swift */,
			);
			path = StockDisplay;
			sourceTree = "<group>";
		};
		4934D5412A6A35C7005AE2D1 /* Model */ = {
			isa = PBXGroup;
			children = (
				4934D5392A6A1286005AE2D1 /* InformationModel.swift */,
				4934D53F2A6A35C3005AE2D1 /* StockDisplayModel.swift */,
			);
			path = Model;
			sourceTree = "<group>";
		};
		494197D52A69F34800616200 = {
			isa = PBXGroup;
			children = (
				494197E02A69F34800616200 /* CompositionalTradingApp */,
				494197DF2A69F34800616200 /* Products */,
			);
			sourceTree = "<group>";
		};
		494197DF2A69F34800616200 /* Products */ = {
			isa = PBXGroup;
			children = (
				494197DE2A69F34800616200 /* CompositionalTradingApp.app */,
			);
			name = Products;
			sourceTree = "<group>";
		};
		494197E02A69F34800616200 /* CompositionalTradingApp */ = {
			isa = PBXGroup;
			children = (
				494197F52A69F39C00616200 /* Delegate */,
				494197F62A69F3A200616200 /* Resource */,
				494197F92A69F3D700616200 /* Scene */,
				4934D5412A6A35C7005AE2D1 /* Model */,
			);
			path = CompositionalTradingApp;
			sourceTree = "<group>";
		};
		494197F52A69F39C00616200 /* Delegate */ = {
			isa = PBXGroup;
			children = (
				494197E12A69F34800616200 /* AppDelegate.swift */,
				494197E32A69F34800616200 /* SceneDelegate.swift */,
			);
			path = Delegate;
			sourceTree = "<group>";
		};
		494197F62A69F3A200616200 /* Resource */ = {
			isa = PBXGroup;
			children = (
				494197EA2A69F34A00616200 /* Assets.xcassets */,
				494197EC2A69F34A00616200 /* LaunchScreen.storyboard */,
				494197EF2A69F34A00616200 /* Info.plist */,
			);
			path = Resource;
			sourceTree = "<group>";
		};
		494197F92A69F3D700616200 /* Scene */ = {
			isa = PBXGroup;
			children = (
				4934D5302A6A0A48005AE2D1 /* Tabbar */,
				4934D52B2A69F64E005AE2D1 /* Coordinator */,
				4934D5332A6A0DDB005AE2D1 /* Stock */,
			);
			path = Scene;
			sourceTree = "<group>";
		};
/* End PBXGroup section */

/* Begin PBXNativeTarget section */
		494197DD2A69F34800616200 /* CompositionalTradingApp */ = {
			isa = PBXNativeTarget;
			buildConfigurationList = 494197F22A69F34A00616200 /* Build configuration list for PBXNativeTarget "CompositionalTradingApp" */;
			buildPhases = (
				494197DA2A69F34800616200 /* Sources */,
				494197DB2A69F34800616200 /* Frameworks */,
				494197DC2A69F34800616200 /* Resources */,
			);
			buildRules = (
			);
			dependencies = (
			);
			name = CompositionalTradingApp;
			packageProductDependencies = (
				4934D5352A6A0E74005AE2D1 /* SnapKit */,
			);
			productName = CompositionalTradingApp;
			productReference = 494197DE2A69F34800616200 /* CompositionalTradingApp.app */;
			productType = "com.apple.product-type.application";
		};
/* End PBXNativeTarget section */

/* Begin PBXProject section */
		494197D62A69F34800616200 /* Project object */ = {
			isa = PBXProject;
			attributes = {
				BuildIndependentTargetsInParallel = 1;
				LastSwiftUpdateCheck = 1430;
				LastUpgradeCheck = 1430;
				TargetAttributes = {
					494197DD2A69F34800616200 = {
						CreatedOnToolsVersion = 14.3.1;
					};
				};
			};
			buildConfigurationList = 494197D92A69F34800616200 /* Build configuration list for PBXProject "CompositionalTradingApp" */;
			compatibilityVersion = "Xcode 14.0";
			developmentRegion = en;
			hasScannedForEncodings = 0;
			knownRegions = (
				en,
				Base,
			);
			mainGroup = 494197D52A69F34800616200;
			packageReferences = (
				4934D5342A6A0E74005AE2D1 /* XCRemoteSwiftPackageReference "SnapKit" */,
			);
			productRefGroup = 494197DF2A69F34800616200 /* Products */;
			projectDirPath = "";
			projectRoot = "";
			targets = (
				494197DD2A69F34800616200 /* CompositionalTradingApp */,
			);
		};
/* End PBXProject section */

/* Begin PBXResourcesBuildPhase section */
		494197DC2A69F34800616200 /* Resources */ = {
			isa = PBXResourcesBuildPhase;
			buildActionMask = 2147483647;
			files = (
				494197EE2A69F34A00616200 /* LaunchScreen.storyboard in Resources */,
				494197EB2A69F34A00616200 /* Assets.xcassets in Resources */,
			);
			runOnlyForDeploymentPostprocessing = 0;
		};
/* End PBXResourcesBuildPhase section */

/* Begin PBXSourcesBuildPhase section */
		494197DA2A69F34800616200 /* Sources */ = {
			isa = PBXSourcesBuildPhase;
			buildActionMask = 2147483647;
			files = (
				4934D52A2A69F5D6005AE2D1 /* Coordinator.swift in Sources */,
				4934D5322A6A0A7C005AE2D1 /* StockViewController.swift in Sources */,
				4934D5432A6A4017005AE2D1 /* LogoInfoCell.swift in Sources */,
				494197E22A69F34800616200 /* AppDelegate.swift in Sources */,
				4934D53D2A6A318F005AE2D1 /* StockDisplayCell.swift in Sources */,
				494197E42A69F34800616200 /* SceneDelegate.swift in Sources */,
				4934D52D2A69F662005AE2D1 /* MainCoordinator.swift in Sources */,
				4934D5402A6A35C3005AE2D1 /* StockDisplayModel.swift in Sources */,
				4934D52F2A69F7BF005AE2D1 /* TabbarItem.swift in Sources */,
				4934D5382A6A10EE005AE2D1 /* InformationCell.swift in Sources */,
				4934D53A2A6A1286005AE2D1 /* InformationModel.swift in Sources */,
				494197F82A69F3D300616200 /* MainTabbarController.swift in Sources */,
			);
			runOnlyForDeploymentPostprocessing = 0;
		};
/* End PBXSourcesBuildPhase section */

/* Begin PBXVariantGroup section */
		494197EC2A69F34A00616200 /* LaunchScreen.storyboard */ = {
			isa = PBXVariantGroup;
			children = (
				494197ED2A69F34A00616200 /* Base */,
			);
			name = LaunchScreen.storyboard;
			sourceTree = "<group>";
		};
/* End PBXVariantGroup section */

/* Begin XCBuildConfiguration section */
		494197F02A69F34A00616200 /* Debug */ = {
			isa = XCBuildConfiguration;
			buildSettings = {
				ALWAYS_SEARCH_USER_PATHS = NO;
				CLANG_ANALYZER_NONNULL = YES;
				CLANG_ANALYZER_NUMBER_OBJECT_CONVERSION = YES_AGGRESSIVE;
				CLANG_CXX_LANGUAGE_STANDARD = "gnu++20";
				CLANG_ENABLE_MODULES = YES;
				CLANG_ENABLE_OBJC_ARC = YES;
				CLANG_ENABLE_OBJC_WEAK = YES;
				CLANG_WARN_BLOCK_CAPTURE_AUTORELEASING = YES;
				CLANG_WARN_BOOL_CONVERSION = YES;
				CLANG_WARN_COMMA = YES;
				CLANG_WARN_CONSTANT_CONVERSION = YES;
				CLANG_WARN_DEPRECATED_OBJC_IMPLEMENTATIONS = YES;
				CLANG_WARN_DIRECT_OBJC_ISA_USAGE = YES_ERROR;
				CLANG_WARN_DOCUMENTATION_COMMENTS = YES;
				CLANG_WARN_EMPTY_BODY = YES;
				CLANG_WARN_ENUM_CONVERSION = YES;
				CLANG_WARN_INFINITE_RECURSION = YES;
				CLANG_WARN_INT_CONVERSION = YES;
				CLANG_WARN_NON_LITERAL_NULL_CONVERSION = YES;
				CLANG_WARN_OBJC_IMPLICIT_RETAIN_SELF = YES;
				CLANG_WARN_OBJC_LITERAL_CONVERSION = YES;
				CLANG_WARN_OBJC_ROOT_CLASS = YES_ERROR;
				CLANG_WARN_QUOTED_INCLUDE_IN_FRAMEWORK_HEADER = YES;
				CLANG_WARN_RANGE_LOOP_ANALYSIS = YES;
				CLANG_WARN_STRICT_PROTOTYPES = YES;
				CLANG_WARN_SUSPICIOUS_MOVE = YES;
				CLANG_WARN_UNGUARDED_AVAILABILITY = YES_AGGRESSIVE;
				CLANG_WARN_UNREACHABLE_CODE = YES;
				CLANG_WARN__DUPLICATE_METHOD_MATCH = YES;
				COPY_PHASE_STRIP = NO;
				DEBUG_INFORMATION_FORMAT = dwarf;
				ENABLE_STRICT_OBJC_MSGSEND = YES;
				ENABLE_TESTABILITY = YES;
				GCC_C_LANGUAGE_STANDARD = gnu11;
				GCC_DYNAMIC_NO_PIC = NO;
				GCC_NO_COMMON_BLOCKS = YES;
				GCC_OPTIMIZATION_LEVEL = 0;
				GCC_PREPROCESSOR_DEFINITIONS = (
					"DEBUG=1",
					"$(inherited)",
				);
				GCC_WARN_64_TO_32_BIT_CONVERSION = YES;
				GCC_WARN_ABOUT_RETURN_TYPE = YES_ERROR;
				GCC_WARN_UNDECLARED_SELECTOR = YES;
				GCC_WARN_UNINITIALIZED_AUTOS = YES_AGGRESSIVE;
				GCC_WARN_UNUSED_FUNCTION = YES;
				GCC_WARN_UNUSED_VARIABLE = YES;
				IPHONEOS_DEPLOYMENT_TARGET = 16.4;
				MTL_ENABLE_DEBUG_INFO = INCLUDE_SOURCE;
				MTL_FAST_MATH = YES;
				ONLY_ACTIVE_ARCH = YES;
				SDKROOT = iphoneos;
				SWIFT_ACTIVE_COMPILATION_CONDITIONS = DEBUG;
				SWIFT_OPTIMIZATION_LEVEL = "-Onone";
			};
			name = Debug;
		};
		494197F12A69F34A00616200 /* Release */ = {
			isa = XCBuildConfiguration;
			buildSettings = {
				ALWAYS_SEARCH_USER_PATHS = NO;
				CLANG_ANALYZER_NONNULL = YES;
				CLANG_ANALYZER_NUMBER_OBJECT_CONVERSION = YES_AGGRESSIVE;
				CLANG_CXX_LANGUAGE_STANDARD = "gnu++20";
				CLANG_ENABLE_MODULES = YES;
				CLANG_ENABLE_OBJC_ARC = YES;
				CLANG_ENABLE_OBJC_WEAK = YES;
				CLANG_WARN_BLOCK_CAPTURE_AUTORELEASING = YES;
				CLANG_WARN_BOOL_CONVERSION = YES;
				CLANG_WARN_COMMA = YES;
				CLANG_WARN_CONSTANT_CONVERSION = YES;
				CLANG_WARN_DEPRECATED_OBJC_IMPLEMENTATIONS = YES;
				CLANG_WARN_DIRECT_OBJC_ISA_USAGE = YES_ERROR;
				CLANG_WARN_DOCUMENTATION_COMMENTS = YES;
				CLANG_WARN_EMPTY_BODY = YES;
				CLANG_WARN_ENUM_CONVERSION = YES;
				CLANG_WARN_INFINITE_RECURSION = YES;
				CLANG_WARN_INT_CONVERSION = YES;
				CLANG_WARN_NON_LITERAL_NULL_CONVERSION = YES;
				CLANG_WARN_OBJC_IMPLICIT_RETAIN_SELF = YES;
				CLANG_WARN_OBJC_LITERAL_CONVERSION = YES;
				CLANG_WARN_OBJC_ROOT_CLASS = YES_ERROR;
				CLANG_WARN_QUOTED_INCLUDE_IN_FRAMEWORK_HEADER = YES;
				CLANG_WARN_RANGE_LOOP_ANALYSIS = YES;
				CLANG_WARN_STRICT_PROTOTYPES = YES;
				CLANG_WARN_SUSPICIOUS_MOVE = YES;
				CLANG_WARN_UNGUARDED_AVAILABILITY = YES_AGGRESSIVE;
				CLANG_WARN_UNREACHABLE_CODE = YES;
				CLANG_WARN__DUPLICATE_METHOD_MATCH = YES;
				COPY_PHASE_STRIP = NO;
				DEBUG_INFORMATION_FORMAT = "dwarf-with-dsym";
				ENABLE_NS_ASSERTIONS = NO;
				ENABLE_STRICT_OBJC_MSGSEND = YES;
				GCC_C_LANGUAGE_STANDARD = gnu11;
				GCC_NO_COMMON_BLOCKS = YES;
				GCC_WARN_64_TO_32_BIT_CONVERSION = YES;
				GCC_WARN_ABOUT_RETURN_TYPE = YES_ERROR;
				GCC_WARN_UNDECLARED_SELECTOR = YES;
				GCC_WARN_UNINITIALIZED_AUTOS = YES_AGGRESSIVE;
				GCC_WARN_UNUSED_FUNCTION = YES;
				GCC_WARN_UNUSED_VARIABLE = YES;
				IPHONEOS_DEPLOYMENT_TARGET = 16.4;
				MTL_ENABLE_DEBUG_INFO = NO;
				MTL_FAST_MATH = YES;
				SDKROOT = iphoneos;
				SWIFT_COMPILATION_MODE = wholemodule;
				SWIFT_OPTIMIZATION_LEVEL = "-O";
				VALIDATE_PRODUCT = YES;
			};
			name = Release;
		};
		494197F32A69F34A00616200 /* Debug */ = {
			isa = XCBuildConfiguration;
			buildSettings = {
				ASSETCATALOG_COMPILER_APPICON_NAME = AppIcon;
				ASSETCATALOG_COMPILER_GLOBAL_ACCENT_COLOR_NAME = AccentColor;
				CODE_SIGN_STYLE = Automatic;
				CURRENT_PROJECT_VERSION = 1;
				DEVELOPMENT_TEAM = HDFLLXK789;
				GENERATE_INFOPLIST_FILE = YES;
				INFOPLIST_FILE = CompositionalTradingApp/Resource/Info.plist;
				INFOPLIST_KEY_UIApplicationSupportsIndirectInputEvents = YES;
				INFOPLIST_KEY_UILaunchStoryboardName = LaunchScreen;
				INFOPLIST_KEY_UIMainStoryboardFile = "";
				INFOPLIST_KEY_UISupportedInterfaceOrientations_iPad = "UIInterfaceOrientationPortrait UIInterfaceOrientationPortraitUpsideDown UIInterfaceOrientationLandscapeLeft UIInterfaceOrientationLandscapeRight";
				INFOPLIST_KEY_UISupportedInterfaceOrientations_iPhone = "UIInterfaceOrientationPortrait UIInterfaceOrientationLandscapeLeft UIInterfaceOrientationLandscapeRight";
				LD_RUNPATH_SEARCH_PATHS = (
					"$(inherited)",
					"@executable_path/Frameworks",
				);
				MARKETING_VERSION = 1.0;
				PRODUCT_BUNDLE_IDENTIFIER = com.ycompany.CompositionalTradingApp;
				PRODUCT_NAME = "$(TARGET_NAME)";
				SWIFT_EMIT_LOC_STRINGS = YES;
				SWIFT_VERSION = 5.0;
				TARGETED_DEVICE_FAMILY = "1,2";
			};
			name = Debug;
		};
		494197F42A69F34A00616200 /* Release */ = {
			isa = XCBuildConfiguration;
			buildSettings = {
				ASSETCATALOG_COMPILER_APPICON_NAME = AppIcon;
				ASSETCATALOG_COMPILER_GLOBAL_ACCENT_COLOR_NAME = AccentColor;
				CODE_SIGN_STYLE = Automatic;
				CURRENT_PROJECT_VERSION = 1;
				DEVELOPMENT_TEAM = HDFLLXK789;
				GENERATE_INFOPLIST_FILE = YES;
				INFOPLIST_FILE = CompositionalTradingApp/Resource/Info.plist;
				INFOPLIST_KEY_UIApplicationSupportsIndirectInputEvents = YES;
				INFOPLIST_KEY_UILaunchStoryboardName = LaunchScreen;
				INFOPLIST_KEY_UIMainStoryboardFile = "";
				INFOPLIST_KEY_UISupportedInterfaceOrientations_iPad = "UIInterfaceOrientationPortrait UIInterfaceOrientationPortraitUpsideDown UIInterfaceOrientationLandscapeLeft UIInterfaceOrientationLandscapeRight";
				INFOPLIST_KEY_UISupportedInterfaceOrientations_iPhone = "UIInterfaceOrientationPortrait UIInterfaceOrientationLandscapeLeft UIInterfaceOrientationLandscapeRight";
				LD_RUNPATH_SEARCH_PATHS = (
					"$(inherited)",
					"@executable_path/Frameworks",
				);
				MARKETING_VERSION = 1.0;
				PRODUCT_BUNDLE_IDENTIFIER = com.ycompany.CompositionalTradingApp;
				PRODUCT_NAME = "$(TARGET_NAME)";
				SWIFT_EMIT_LOC_STRINGS = YES;
				SWIFT_VERSION = 5.0;
				TARGETED_DEVICE_FAMILY = "1,2";
			};
			name = Release;
		};
/* End XCBuildConfiguration section */

/* Begin XCConfigurationList section */
		494197D92A69F34800616200 /* Build configuration list for PBXProject "CompositionalTradingApp" */ = {
			isa = XCConfigurationList;
			buildConfigurations = (
				494197F02A69F34A00616200 /* Debug */,
				494197F12A69F34A00616200 /* Release */,
			);
			defaultConfigurationIsVisible = 0;
			defaultConfigurationName = Release;
		};
		494197F22A69F34A00616200 /* Build configuration list for PBXNativeTarget "CompositionalTradingApp" */ = {
			isa = XCConfigurationList;
			buildConfigurations = (
				494197F32A69F34A00616200 /* Debug */,
				494197F42A69F34A00616200 /* Release */,
			);
			defaultConfigurationIsVisible = 0;
			defaultConfigurationName = Release;
		};
/* End XCConfigurationList section */

/* Begin XCRemoteSwiftPackageReference section */
		4934D5342A6A0E74005AE2D1 /* XCRemoteSwiftPackageReference "SnapKit" */ = {
			isa = XCRemoteSwiftPackageReference;
			repositoryURL = "https://github.com/SnapKit/SnapKit.git";
			requirement = {
				kind = upToNextMajorVersion;
				minimumVersion = 5.0.0;
			};
		};
/* End XCRemoteSwiftPackageReference section */

/* Begin XCSwiftPackageProductDependency section */
		4934D5352A6A0E74005AE2D1 /* SnapKit */ = {
			isa = XCSwiftPackageProductDependency;
			package = 4934D5342A6A0E74005AE2D1 /* XCRemoteSwiftPackageReference "SnapKit" */;
			productName = SnapKit;
		};
/* End XCSwiftPackageProductDependency section */
	};
	rootObject = 494197D62A69F34800616200 /* Project object */;
}
